
Microsoft Visual Studio Solution File, Format Version 12.00
# Visual Studio 15
Project("{FAE04EC0-301F-11D3-BF4B-00C04F79EFBC}") = "Assembly-CSharp", "Assembly-CSharp.csproj", "{BF649AF3-0014-1CF2-B768-3F7241E17A08}"
EndProject
Global
	GlobalSection(SolutionConfigurationPlatforms) = preSolution
		Debug|Any CPU = Debug|Any CPU
		Release|Any CPU = Release|Any CPU
	EndGlobalSection
	GlobalSection(ProjectConfigurationPlatforms) = postSolution
		{BF649AF3-0014-1CF2-B768-3F7241E17A08}.Debug|Any CPU.ActiveCfg = Debug|Any CPU
		{BF649AF3-0014-1CF2-B768-3F7241E17A08}.Debug|Any CPU.Build.0 = Debug|Any CPU
		{BF649AF3-0014-1CF2-B768-3F7241E17A08}.Release|Any CPU.ActiveCfg = Release|Any CPU
		{BF649AF3-0014-1CF2-B768-3F7241E17A08}.Release|Any CPU.Build.0 = Release|Any CPU
	EndGlobalSection
	GlobalSection(SolutionProperties) = preSolution
		HideSolutionNode = FALSE
	EndGlobalSection
EndGlobal
